github.com/davecgh/go-spew v1.1.1 h1:vj9j/u1bqnvCEfJOwUhtlOARqs3+rkHYY13jYWTU97c=
github.com/davecgh/go-spew v1.1.1/go.mod h1:J7Y8YcW2NihsgmVo/mv3lAwl/skON4iLHjSsI+c5H38=
github.com/google/uuid v1.6.0 h1:NIvaJDMOsjHA8n1jAhLSgzrAzy1Hgr+hNrb57e+94F0=
github.com/google/uuid v1.6.0/go.mod h1:TIyPZe4MgqvfeYDBFedMoGGpEw/LqOeaOT+nhxU+yHo=
github.com/mikeschinkel/go-cliutil v0.0.0-20251105231813-8ce963ade5dd h1:jUQ3zzLBYh4Zr8Jn4JIhfR9584JJkmanIHuL79J3ODA=
github.com/mikeschinkel/go-cliutil v0.0.0-20251105231813-8ce963ade5dd/go.mod h1:XYqhWVQyGARehRCC0objQtXlJBMFoT0pooWjbt9Jsfw=
github.com/mikeschinkel/go-dt v0.0.0-20251105233453-a7985f775567 h1:rwECWZcXJ7FDw4aMbGwLL7jYjHFl3fju1LVt8oGu1+Y=
github.com/mikeschinkel/go-dt v0.0.0-20251105233453-a7985f775567/go.mod h1:zM9ve5h64PyyWMIjbJdTlwBE13OeuwchFGGMVlPwzLo=
github.com/mikeschinkel/go-dt/appinfo v0.0.0-20251107040413-53a1559d69c5 h1:dJAoIm0kY8QMv7ROaHAhsHT1AYA8kL1QK1nZnZD8PhQ=
github.com/mikeschinkel/go-dt/appinfo v0.0.0-20251107040413-53a1559d69c5/go.mod h1:FaxWlQIc7nYhBOeSkeWOR7D8Qct81JOq3Ud3yeQzToI=
github.com/mikeschinkel/go-dt/de v0.0.0-20251107040413-53a1559d69c5 h1:Goszv/594PaFIUZNvde6x87je6EeORaYOxe58DIklVs=
github.com/mikeschinkel/go-dt/de v0.0.0-20251107040413-53a1559d69c5/go.mod h1:OxjbH2Ftve5mNnLtrcbzlDgyR5apOGA3KmT0yopjQjo=
github.com/mikeschinkel/go-dt/dtx v0.0.0-20251107040413-53a1559d69c5 h1:NosdjWDJc1+dsOh74p4KLkoTu4vj7+ONUPDvMUobTdM=
github.com/mikeschinkel/go-dt/dtx v0.0.0-20251107040413-53a1559d69c5/go.mod h1:fWUZ/BxcMkb13cKPdidD9eJJFsskjGO5cEY9cZ7IYOY=
github.com/mikeschinkel/go-fsfix v0.1.0 h1:BzJ3KQYxA9UjadHIzCikOcISsHC0jSFgL5ZjLEYyITY=
github.com/mikeschinkel/go-fsfix v0.1.0/go.mod h1:LpEYqdfpdmhug7CC3Hw+k4FKB15J/LLs27fdRAFEam8=
github.com/mikeschinkel/go-testutil v0.0.0-20251106130119-1afd5a012dc6 h1:MYVeltPV4h63vH/7Chnc8he46fzdK8KZu0+WpuBBwBU=
github.com/mikeschinkel/go-testutil v0.0.0-20251106130119-1afd5a012dc6/go.mod h1:/AEE4zbEodzxUn1pQxGBPGVak0OopOah/bZQ+zwD0Mo=
github.com/pmezard/go-difflib v1.0.0 h1:4DBwDE0NGyQoBHbLQYPwSUPoCMWR5BEzIk/f1lZbAQM=
github.com/pmezard/go-difflib v1.0.0/go.mod h1:iKH77koFhYxTK1pcRnkKkqfTogsbg7gZNVY4sRDYZ/4=
github.com/stretchr/testify v1.11.1 h1:7s2iGBzp5EwR7/aIZr8ao5+dra3wiQyKjjFuvgVKu7U=
github.com/stretchr/testify v1.11.1/go.mod h1:wZwfW3scLgRK+23gO65QZefKpKQRnfz6sD981Nm4B6U=
gopkg.in/check.v1 v0.0.0-20161208181325-20d25e280405 h1:yhCVgyC4o1eVCa2tZl7eS0r+SDo693bJlVdllGtEeKM=
gopkg.in/check.v1 v0.0.0-20161208181325-20d25e280405/go.mod h1:Co6ibVJAznAaIkqp8huTwlJQCZ016jof/cbN4VW5Yz0=
gopkg.in/yaml.v3 v3.0.1 h1:fxVm/GzAzEWqLHuvctI91KS9hhNmmWOoWu0XTYJS7CA=
gopkg.in/yaml.v3 v3.0.1/go.mod h1:K4uyk7z7BCEPqu6E+C64Yfv1cQ7kz7rIZviUmN+EgEM=
