github.com/davecgh/go-spew v1.1.1 h1:vj9j/u1bqnvCEfJOwUhtlOARqs3+rkHYY13jYWTU97c=
github.com/davecgh/go-spew v1.1.1/go.mod h1:J7Y8YcW2NihsgmVo/mv3lAwl/skON4iLHjSsI+c5H38=
github.com/google/uuid v1.6.0 h1:NIvaJDMOsjHA8n1jAhLSgzrAzy1Hgr+hNrb57e+94F0=
github.com/google/uuid v1.6.0/go.mod h1:TIyPZe4MgqvfeYDBFedMoGGpEw/LqOeaOT+nhxU+yHo=
github.com/mikeschinkel/go-cliutil v0.1.0 h1:r/CM2WpyEFs3sYdoxNovH9ps9lrqtmj7G7l/Qwf1u8A=
github.com/mikeschinkel/go-cliutil v0.1.0/go.mod h1:AszTtzKuZSm4SmlHe/zrhuZvQq0jh2Y7qKtpt8bYGFo=
github.com/mikeschinkel/go-dt v0.2.1 h1:MLwyp4vUQN0lfMkLkdRTA4Ty//iiauUKuHAP/00v4zM=
github.com/mikeschinkel/go-dt v0.2.1/go.mod h1:KJYRXePwYdBr57WhtRgDagOb7Ih/ORxE/kG4Mg6c8iE=
github.com/mikeschinkel/go-dt/appinfo v0.2.1 h1:5BB8HQtGFyZ0qCG2DoBSeDBc9CblEJefUoR/4WxZXiw=
github.com/mikeschinkel/go-dt/appinfo v0.2.1/go.mod h1:OW7bt0cwIdM8brbREnLByJJlODESIaHsEY+pvXxDEiQ=
github.com/mikeschinkel/go-dt/dtx v0.2.1 h1:OsFs0kHuEZuSJwGyTI+LDZVABf5pAvcPXDuEI08j5PY=
github.com/mikeschinkel/go-dt/dtx v0.2.1/go.mod h1:mFuyP/9gMzCKaLXhFWOXHngR2ou2jun7yE67NZRBhW8=
github.com/mikeschinkel/go-fsfix v0.2.0 h1:7ADfjc175/YXdQBegXbn7aV9uOv3umSUFsymRlGBzXQ=
github.com/mikeschinkel/go-fsfix v0.2.0/go.mod h1:oLpZDdL8ouFX0MTywc/UPpDyLVMq+OPTuZInTGduGt0=
github.com/mikeschinkel/go-testutil v0.1.0 h1:/0busmc4pHKYslmAuXP5DmNn8bnsAPj5CQjvZ2GDmJk=
github.com/mikeschinkel/go-testutil v0.1.0/go.mod h1:p+6VK/z2QbHZhFtRTyPBuoIks9WlwDuDzbMv/KO1reY=
github.com/pmezard/go-difflib v1.0.0 h1:4DBwDE0NGyQoBHbLQYPwSUPoCMWR5BEzIk/f1lZbAQM=
github.com/pmezard/go-difflib v1.0.0/go.mod h1:iKH77koFhYxTK1pcRnkKkqfTogsbg7gZNVY4sRDYZ/4=
github.com/stretchr/testify v1.11.1 h1:7s2iGBzp5EwR7/aIZr8ao5+dra3wiQyKjjFuvgVKu7U=
github.com/stretchr/testify v1.11.1/go.mod h1:wZwfW3scLgRK+23gO65QZefKpKQRnfz6sD981Nm4B6U=
gopkg.in/check.v1 v0.0.0-20161208181325-20d25e280405 h1:yhCVgyC4o1eVCa2tZl7eS0r+SDo693bJlVdllGtEeKM=
gopkg.in/check.v1 v0.0.0-20161208181325-20d25e280405/go.mod h1:Co6ibVJAznAaIkqp8huTwlJQCZ016jof/cbN4VW5Yz0=
gopkg.in/yaml.v3 v3.0.1 h1:fxVm/GzAzEWqLHuvctI91KS9hhNmmWOoWu0XTYJS7CA=
gopkg.in/yaml.v3 v3.0.1/go.mod h1:K4uyk7z7BCEPqu6E+C64Yfv1cQ7kz7rIZviUmN+EgEM=
